// !$*UTF8*$!
{
	archiveVersion = 1;
	classes = {
	};
	objectVersion = 50;
	objects = {

/* Begin PBXBuildFile section */
		3C65CF7372693CF4774DF263 /* Pods_Flix.framework in Frameworks */ = {isa = PBXBuildFile; fileRef = 62CC660645DAD3793C82CC1F /* Pods_Flix.framework */; };
		519F364DC4A2F883F8EA1502 /* Pods_FlixTests.framework in Frameworks */ = {isa = PBXBuildFile; fileRef = 37241403263A47C144DF8A05 /* Pods_FlixTests.framework */; };
		7A3CDC702522CC40001128BE /* MovieCell.swift in Sources */ = {isa = PBXBuildFile; fileRef = 7A3CDC6F2522CC40001128BE /* MovieCell.swift */; };
		7AFF99A42522AC1300461E4B /* AppDelegate.swift in Sources */ = {isa = PBXBuildFile; fileRef = 7AFF99A32522AC1300461E4B /* AppDelegate.swift */; };
		7AFF99A62522AC1300461E4B /* SceneDelegate.swift in Sources */ = {isa = PBXBuildFile; fileRef = 7AFF99A52522AC1300461E4B /* SceneDelegate.swift */; };
		7AFF99A82522AC1300461E4B /* ViewController.swift in Sources */ = {isa = PBXBuildFile; fileRef = 7AFF99A72522AC1300461E4B /* ViewController.swift */; };
		7AFF99AB2522AC1300461E4B /* Main.storyboard in Resources */ = {isa = PBXBuildFile; fileRef = 7AFF99A92522AC1300461E4B /* Main.storyboard */; };
		7AFF99AD2522AC1400461E4B /* Assets.xcassets in Resources */ = {isa = PBXBuildFile; fileRef = 7AFF99AC2522AC1400461E4B /* Assets.xcassets */; };
		7AFF99B02522AC1400461E4B /* LaunchScreen.storyboard in Resources */ = {isa = PBXBuildFile; fileRef = 7AFF99AE2522AC1400461E4B /* LaunchScreen.storyboard */; };
		7AFF99BB2522AC1400461E4B /* FlixTests.swift in Sources */ = {isa = PBXBuildFile; fileRef = 7AFF99BA2522AC1400461E4B /* FlixTests.swift */; };
		7AFF99C62522AC1400461E4B /* FlixUITests.swift in Sources */ = {isa = PBXBuildFile; fileRef = 7AFF99C52522AC1400461E4B /* FlixUITests.swift */; };
		8EBB5E71E76D24874C1FAC3F /* Pods_Flix_FlixUITests.framework in Frameworks */ = {isa = PBXBuildFile; fileRef = EA4B2546644969757A9DF811 /* Pods_Flix_FlixUITests.framework */; };
/* End PBXBuildFile section */

/* Begin PBXContainerItemProxy section */
		7AFF99B72522AC1400461E4B /* PBXContainerItemProxy */ = {
			isa = PBXContainerItemProxy;
			containerPortal = 7AFF99982522AC1200461E4B /* Project object */;
			proxyType = 1;
			remoteGlobalIDString = 7AFF999F2522AC1200461E4B;
			remoteInfo = Flix;
		};
		7AFF99C22522AC1400461E4B /* PBXContainerItemProxy */ = {
			isa = PBXContainerItemProxy;
			containerPortal = 7AFF99982522AC1200461E4B /* Project object */;
			proxyType = 1;
			remoteGlobalIDString = 7AFF999F2522AC1200461E4B;
			remoteInfo = Flix;
		};
/* End PBXContainerItemProxy section */

/* Begin PBXFileReference section */
		2174CF9522A51CF3922BA7F2 /* Pods-FlixTests.release.xcconfig */ = {isa = PBXFileReference; includeInIndex = 1; lastKnownFileType = text.xcconfig; name = "Pods-FlixTests.release.xcconfig"; path = "Target Support Files/Pods-FlixTests/Pods-FlixTests.release.xcconfig"; sourceTree = "<group>"; };
		285EE73AC4B5F6567EEC32E7 /* Pods-Flix.debug.xcconfig */ = {isa = PBXFileReference; includeInIndex = 1; lastKnownFileType = text.xcconfig; name = "Pods-Flix.debug.xcconfig"; path = "Target Support Files/Pods-Flix/Pods-Flix.debug.xcconfig"; sourceTree = "<group>"; };
		37241403263A47C144DF8A05 /* Pods_FlixTests.framework */ = {isa = PBXFileReference; explicitFileType = wrapper.framework; includeInIndex = 0; path = Pods_FlixTests.framework; sourceTree = BUILT_PRODUCTS_DIR; };
		62CC660645DAD3793C82CC1F /* Pods_Flix.framework */ = {isa = PBXFileReference; explicitFileType = wrapper.framework; includeInIndex = 0; path = Pods_Flix.framework; sourceTree = BUILT_PRODUCTS_DIR; };
		7A3CDC6F2522CC40001128BE /* MovieCell.swift */ = {isa = PBXFileReference; lastKnownFileType = sourcecode.swift; path = MovieCell.swift; sourceTree = "<group>"; };
		7AFF99A02522AC1300461E4B /* Flix.app */ = {isa = PBXFileReference; explicitFileType = wrapper.application; includeInIndex = 0; path = Flix.app; sourceTree = BUILT_PRODUCTS_DIR; };
		7AFF99A32522AC1300461E4B /* AppDelegate.swift */ = {isa = PBXFileReference; lastKnownFileType = sourcecode.swift; path = AppDelegate.swift; sourceTree = "<group>"; };
		7AFF99A52522AC1300461E4B /* SceneDelegate.swift */ = {isa = PBXFileReference; lastKnownFileType = sourcecode.swift; path = SceneDelegate.swift; sourceTree = "<group>"; };
		7AFF99A72522AC1300461E4B /* ViewController.swift */ = {isa = PBXFileReference; lastKnownFileType = sourcecode.swift; path = ViewController.swift; sourceTree = "<group>"; };
		7AFF99AA2522AC1300461E4B /* Base */ = {isa = PBXFileReference; lastKnownFileType = file.storyboard; name = Base; path = Base.lproj/Main.storyboard; sourceTree = "<group>"; };
		7AFF99AC2522AC1400461E4B /* Assets.xcassets */ = {isa = PBXFileReference; lastKnownFileType = folder.assetcatalog; path = Assets.xcassets; sourceTree = "<group>"; };
		7AFF99AF2522AC1400461E4B /* Base */ = {isa = PBXFileReference; lastKnownFileType = file.storyboard; name = Base; path = Base.lproj/LaunchScreen.storyboard; sourceTree = "<group>"; };
		7AFF99B12522AC1400461E4B /* Info.plist */ = {isa = PBXFileReference; lastKnownFileType = text.plist.xml; path = Info.plist; sourceTree = "<group>"; };
		7AFF99B62522AC1400461E4B /* FlixTests.xctest */ = {isa = PBXFileReference; explicitFileType = wrapper.cfbundle; includeInIndex = 0; path = FlixTests.xctest; sourceTree = BUILT_PRODUCTS_DIR; };
		7AFF99BA2522AC1400461E4B /* FlixTests.swift */ = {isa = PBXFileReference; lastKnownFileType = sourcecode.swift; path = FlixTests.swift; sourceTree = "<group>"; };
		7AFF99BC2522AC1400461E4B /* Info.plist */ = {isa = PBXFileReference; lastKnownFileType = text.plist.xml; path = Info.plist; sourceTree = "<group>"; };
		7AFF99C12522AC1400461E4B /* FlixUITests.xctest */ = {isa = PBXFileReference; explicitFileType = wrapper.cfbundle; includeInIndex = 0; path = FlixUITests.xctest; sourceTree = BUILT_PRODUCTS_DIR; };
		7AFF99C52522AC1400461E4B /* FlixUITests.swift */ = {isa = PBXFileReference; lastKnownFileType = sourcecode.swift; path = FlixUITests.swift; sourceTree = "<group>"; };
		7AFF99C72522AC1400461E4B /* Info.plist */ = {isa = PBXFileReference; lastKnownFileType = text.plist.xml; path = Info.plist; sourceTree = "<group>"; };
		91DB00C4B76E03BAC310E698 /* Pods-Flix-FlixUITests.release.xcconfig */ = {isa = PBXFileReference; includeInIndex = 1; lastKnownFileType = text.xcconfig; name = "Pods-Flix-FlixUITests.release.xcconfig"; path = "Target Support Files/Pods-Flix-FlixUITests/Pods-Flix-FlixUITests.release.xcconfig"; sourceTree = "<group>"; };
		D3055D12ACD5F631BFA10729 /* Pods-FlixTests.debug.xcconfig */ = {isa = PBXFileReference; includeInIndex = 1; lastKnownFileType = text.xcconfig; name = "Pods-FlixTests.debug.xcconfig"; path = "Target Support Files/Pods-FlixTests/Pods-FlixTests.debug.xcconfig"; sourceTree = "<group>"; };
		DC050E5E21BDC8488782A08F /* Pods-Flix-FlixUITests.debug.xcconfig */ = {isa = PBXFileReference; includeInIndex = 1; lastKnownFileType = text.xcconfig; name = "Pods-Flix-FlixUITests.debug.xcconfig"; path = "Target Support Files/Pods-Flix-FlixUITests/Pods-Flix-FlixUITests.debug.xcconfig"; sourceTree = "<group>"; };
		EA4B2546644969757A9DF811 /* Pods_Flix_FlixUITests.framework */ = {isa = PBXFileReference; explicitFileType = wrapper.framework; includeInIndex = 0; path = Pods_Flix_FlixUITests.framework; sourceTree = BUILT_PRODUCTS_DIR; };
		F273D4BDC4957DA3504111AF /* Pods-Flix.release.xcconfig */ = {isa = PBXFileReference; includeInIndex = 1; lastKnownFileType = text.xcconfig; name = "Pods-Flix.release.xcconfig"; path = "Target Support Files/Pods-Flix/Pods-Flix.release.xcconfig"; sourceTree = "<group>"; };
/* End PBXFileReference section */

/* Begin PBXFrameworksBuildPhase section */
		7AFF999D2522AC1200461E4B /* Frameworks */ = {
			isa = PBXFrameworksBuildPhase;
			buildActionMask = 2147483647;
			files = (
				3C65CF7372693CF4774DF263 /* Pods_Flix.framework in Frameworks */,
			);
			runOnlyForDeploymentPostprocessing = 0;
		};
		7AFF99B32522AC1400461E4B /* Frameworks */ = {
			isa = PBXFrameworksBuildPhase;
			buildActionMask = 2147483647;
			files = (
				519F364DC4A2F883F8EA1502 /* Pods_FlixTests.framework in Frameworks */,
			);
			runOnlyForDeploymentPostprocessing = 0;
		};
		7AFF99BE2522AC1400461E4B /* Frameworks */ = {
			isa = PBXFrameworksBuildPhase;
			buildActionMask = 2147483647;
			files = (
				8EBB5E71E76D24874C1FAC3F /* Pods_Flix_FlixUITests.framework in Frameworks */,
			);
			runOnlyForDeploymentPostprocessing = 0;
		};
/* End PBXFrameworksBuildPhase section */

/* Begin PBXGroup section */
		7AFF99972522AC1200461E4B = {
			isa = PBXGroup;
			children = (
				7AFF99A22522AC1300461E4B /* Flix */,
				7AFF99B92522AC1400461E4B /* FlixTests */,
				7AFF99C42522AC1400461E4B /* FlixUITests */,
				7AFF99A12522AC1300461E4B /* Products */,
				E7E7F8A2ACF5DF54DE1D0C3F /* Pods */,
				8402665186D90285FC86AFB5 /* Frameworks */,
			);
			sourceTree = "<group>";
		};
		7AFF99A12522AC1300461E4B /* Products */ = {
			isa = PBXGroup;
			children = (
				7AFF99A02522AC1300461E4B /* Flix.app */,
				7AFF99B62522AC1400461E4B /* FlixTests.xctest */,
				7AFF99C12522AC1400461E4B /* FlixUITests.xctest */,
			);
			name = Products;
			sourceTree = "<group>";
		};
		7AFF99A22522AC1300461E4B /* Flix */ = {
			isa = PBXGroup;
			children = (
				7AFF99A32522AC1300461E4B /* AppDelegate.swift */,
				7AFF99A52522AC1300461E4B /* SceneDelegate.swift */,
				7AFF99A72522AC1300461E4B /* ViewController.swift */,
				7AFF99A92522AC1300461E4B /* Main.storyboard */,
				7A3CDC6F2522CC40001128BE /* MovieCell.swift */,
				7AFF99AC2522AC1400461E4B /* Assets.xcassets */,
				7AFF99AE2522AC1400461E4B /* LaunchScreen.storyboard */,
				7AFF99B12522AC1400461E4B /* Info.plist */,
			);
			path = Flix;
			sourceTree = "<group>";
		};
		7AFF99B92522AC1400461E4B /* FlixTests */ = {
			isa = PBXGroup;
			children = (
				7AFF99BA2522AC1400461E4B /* FlixTests.swift */,
				7AFF99BC2522AC1400461E4B /* Info.plist */,
			);
			path = FlixTests;
			sourceTree = "<group>";
		};
		7AFF99C42522AC1400461E4B /* FlixUITests */ = {
			isa = PBXGroup;
			children = (
				7AFF99C52522AC1400461E4B /* FlixUITests.swift */,
				7AFF99C72522AC1400461E4B /* Info.plist */,
			);
			path = FlixUITests;
			sourceTree = "<group>";
		};
		8402665186D90285FC86AFB5 /* Frameworks */ = {
			isa = PBXGroup;
			children = (
				62CC660645DAD3793C82CC1F /* Pods_Flix.framework */,
				EA4B2546644969757A9DF811 /* Pods_Flix_FlixUITests.framework */,
				37241403263A47C144DF8A05 /* Pods_FlixTests.framework */,
			);
			name = Frameworks;
			sourceTree = "<group>";
		};
		E7E7F8A2ACF5DF54DE1D0C3F /* Pods */ = {
			isa = PBXGroup;
			children = (
				285EE73AC4B5F6567EEC32E7 /* Pods-Flix.debug.xcconfig */,
				F273D4BDC4957DA3504111AF /* Pods-Flix.release.xcconfig */,
				DC050E5E21BDC8488782A08F /* Pods-Flix-FlixUITests.debug.xcconfig */,
				91DB00C4B76E03BAC310E698 /* Pods-Flix-FlixUITests.release.xcconfig */,
				D3055D12ACD5F631BFA10729 /* Pods-FlixTests.debug.xcconfig */,
				2174CF9522A51CF3922BA7F2 /* Pods-FlixTests.release.xcconfig */,
			);
			name = Pods;
			path = Pods;
			sourceTree = "<group>";
		};
/* End PBXGroup section */

/* Begin PBXNativeTarget section */
		7AFF999F2522AC1200461E4B /* Flix */ = {
			isa = PBXNativeTarget;
			buildConfigurationList = 7AFF99CA2522AC1400461E4B /* Build configuration list for PBXNativeTarget "Flix" */;
			buildPhases = (
				55EF681EEB779E864AA6C1C1 /* [CP] Check Pods Manifest.lock */,
				7AFF999C2522AC1200461E4B /* Sources */,
				7AFF999D2522AC1200461E4B /* Frameworks */,
				7AFF999E2522AC1200461E4B /* Resources */,
				CB4775FE16FBD1385888DC42 /* [CP] Embed Pods Frameworks */,
			);
			buildRules = (
			);
			dependencies = (
			);
			name = Flix;
			productName = Flix;
			productReference = 7AFF99A02522AC1300461E4B /* Flix.app */;
			productType = "com.apple.product-type.application";
		};
		7AFF99B52522AC1400461E4B /* FlixTests */ = {
			isa = PBXNativeTarget;
			buildConfigurationList = 7AFF99CD2522AC1400461E4B /* Build configuration list for PBXNativeTarget "FlixTests" */;
			buildPhases = (
				830FAFF2DD392366110BB833 /* [CP] Check Pods Manifest.lock */,
				7AFF99B22522AC1400461E4B /* Sources */,
				7AFF99B32522AC1400461E4B /* Frameworks */,
				7AFF99B42522AC1400461E4B /* Resources */,
			);
			buildRules = (
			);
			dependencies = (
				7AFF99B82522AC1400461E4B /* PBXTargetDependency */,
			);
			name = FlixTests;
			productName = FlixTests;
			productReference = 7AFF99B62522AC1400461E4B /* FlixTests.xctest */;
			productType = "com.apple.product-type.bundle.unit-test";
		};
		7AFF99C02522AC1400461E4B /* FlixUITests */ = {
			isa = PBXNativeTarget;
			buildConfigurationList = 7AFF99D02522AC1400461E4B /* Build configuration list for PBXNativeTarget "FlixUITests" */;
			buildPhases = (
				0A59248B8683EC7DA251BAE3 /* [CP] Check Pods Manifest.lock */,
				7AFF99BD2522AC1400461E4B /* Sources */,
				7AFF99BE2522AC1400461E4B /* Frameworks */,
				7AFF99BF2522AC1400461E4B /* Resources */,
				167EF15BA464425514213DD1 /* [CP] Embed Pods Frameworks */,
			);
			buildRules = (
			);
			dependencies = (
				7AFF99C32522AC1400461E4B /* PBXTargetDependency */,
			);
			name = FlixUITests;
			productName = FlixUITests;
			productReference = 7AFF99C12522AC1400461E4B /* FlixUITests.xctest */;
			productType = "com.apple.product-type.bundle.ui-testing";
		};
/* End PBXNativeTarget section */

/* Begin PBXProject section */
		7AFF99982522AC1200461E4B /* Project object */ = {
			isa = PBXProject;
			attributes = {
				LastSwiftUpdateCheck = 1200;
				LastUpgradeCheck = 1200;
				TargetAttributes = {
					7AFF999F2522AC1200461E4B = {
						CreatedOnToolsVersion = 12.0.1;
					};
					7AFF99B52522AC1400461E4B = {
						CreatedOnToolsVersion = 12.0.1;
						TestTargetID = 7AFF999F2522AC1200461E4B;
					};
					7AFF99C02522AC1400461E4B = {
						CreatedOnToolsVersion = 12.0.1;
						TestTargetID = 7AFF999F2522AC1200461E4B;
					};
				};
			};
			buildConfigurationList = 7AFF999B2522AC1200461E4B /* Build configuration list for PBXProject "Flix" */;
			compatibilityVersion = "Xcode 9.3";
			developmentRegion = en;
			hasScannedForEncodings = 0;
			knownRegions = (
				en,
				Base,
			);
			mainGroup = 7AFF99972522AC1200461E4B;
			productRefGroup = 7AFF99A12522AC1300461E4B /* Products */;
			projectDirPath = "";
			projectRoot = "";
			targets = (
				7AFF999F2522AC1200461E4B /* Flix */,
				7AFF99B52522AC1400461E4B /* FlixTests */,
				7AFF99C02522AC1400461E4B /* FlixUITests */,
			);
		};
/* End PBXProject section */

/* Begin PBXResourcesBuildPhase section */
		7AFF999E2522AC1200461E4B /* Resources */ = {
			isa = PBXResourcesBuildPhase;
			buildActionMask = 2147483647;
			files = (
				7AFF99B02522AC1400461E4B /* LaunchScreen.storyboard in Resources */,
				7AFF99AD2522AC1400461E4B /* Assets.xcassets in Resources */,
				7AFF99AB2522AC1300461E4B /* Main.storyboard in Resources */,
			);
			runOnlyForDeploymentPostprocessing = 0;
		};
		7AFF99B42522AC1400461E4B /* Resources */ = {
			isa = PBXResourcesBuildPhase;
			buildActionMask = 2147483647;
			files = (
			);
			runOnlyForDeploymentPostprocessing = 0;
		};
		7AFF99BF2522AC1400461E4B /* Resources */ = {
			isa = PBXResourcesBuildPhase;
			buildActionMask = 2147483647;
			files = (
			);
			runOnlyForDeploymentPostprocessing = 0;
		};
/* End PBXResourcesBuildPhase section */

/* Begin PBXShellScriptBuildPhase section */
		0A59248B8683EC7DA251BAE3 /* [CP] Check Pods Manifest.lock */ = {
			isa = PBXShellScriptBuildPhase;
			buildActionMask = 2147483647;
			files = (
			);
			inputFileListPaths = (
			);
			inputPaths = (
				"${PODS_PODFILE_DIR_PATH}/Podfile.lock",
				"${PODS_ROOT}/Manifest.lock",
			);
			name = "[CP] Check Pods Manifest.lock";
			outputFileListPaths = (
			);
			outputPaths = (
				"$(DERIVED_FILE_DIR)/Pods-Flix-FlixUITests-checkManifestLockResult.txt",
			);
			runOnlyForDeploymentPostprocessing = 0;
			shellPath = /bin/sh;
			shellScript = "diff \"${PODS_PODFILE_DIR_PATH}/Podfile.lock\" \"${PODS_ROOT}/Manifest.lock\" > /dev/null\nif [ $? != 0 ] ; then\n    # print error to STDERR\n    echo \"error: The sandbox is not in sync with the Podfile.lock. Run 'pod install' or update your CocoaPods installation.\" >&2\n    exit 1\nfi\n# This output is used by Xcode 'outputs' to avoid re-running this script phase.\necho \"SUCCESS\" > \"${SCRIPT_OUTPUT_FILE_0}\"\n";
			showEnvVarsInLog = 0;
		};
		167EF15BA464425514213DD1 /* [CP] Embed Pods Frameworks */ = {
			isa = PBXShellScriptBuildPhase;
			buildActionMask = 2147483647;
			files = (
			);
			inputFileListPaths = (
				"${PODS_ROOT}/Target Support Files/Pods-Flix-FlixUITests/Pods-Flix-FlixUITests-frameworks-${CONFIGURATION}-input-files.xcfilelist",
			);
			name = "[CP] Embed Pods Frameworks";
			outputFileListPaths = (
				"${PODS_ROOT}/Target Support Files/Pods-Flix-FlixUITests/Pods-Flix-FlixUITests-frameworks-${CONFIGURATION}-output-files.xcfilelist",
			);
			runOnlyForDeploymentPostprocessing = 0;
			shellPath = /bin/sh;
			shellScript = "\"${PODS_ROOT}/Target Support Files/Pods-Flix-FlixUITests/Pods-Flix-FlixUITests-frameworks.sh\"\n";
			showEnvVarsInLog = 0;
		};
		55EF681EEB779E864AA6C1C1 /* [CP] Check Pods Manifest.lock */ = {
			isa = PBXShellScriptBuildPhase;
			buildActionMask = 2147483647;
			files = (
			);
			inputFileListPaths = (
			);
			inputPaths = (
				"${PODS_PODFILE_DIR_PATH}/Podfile.lock",
				"${PODS_ROOT}/Manifest.lock",
			);
			name = "[CP] Check Pods Manifest.lock";
			outputFileListPaths = (
			);
			outputPaths = (
				"$(DERIVED_FILE_DIR)/Pods-Flix-checkManifestLockResult.txt",
			);
			runOnlyForDeploymentPostprocessing = 0;
			shellPath = /bin/sh;
			shellScript = "diff \"${PODS_PODFILE_DIR_PATH}/Podfile.lock\" \"${PODS_ROOT}/Manifest.lock\" > /dev/null\nif [ $? != 0 ] ; then\n    # print error to STDERR\n    echo \"error: The sandbox is not in sync with the Podfile.lock. Run 'pod install' or update your CocoaPods installation.\" >&2\n    exit 1\nfi\n# This output is used by Xcode 'outputs' to avoid re-running this script phase.\necho \"SUCCESS\" > \"${SCRIPT_OUTPUT_FILE_0}\"\n";
			showEnvVarsInLog = 0;
		};
		830FAFF2DD392366110BB833 /* [CP] Check Pods Manifest.lock */ = {
			isa = PBXShellScriptBuildPhase;
			buildActionMask = 2147483647;
			files = (
			);
			inputFileListPaths = (
			);
			inputPaths = (
				"${PODS_PODFILE_DIR_PATH}/Podfile.lock",
				"${PODS_ROOT}/Manifest.lock",
			);
			name = "[CP] Check Pods Manifest.lock";
			outputFileListPaths = (
			);
			outputPaths = (
				"$(DERIVED_FILE_DIR)/Pods-FlixTests-checkManifestLockResult.txt",
			);
			runOnlyForDeploymentPostprocessing = 0;
			shellPath = /bin/sh;
			shellScript = "diff \"${PODS_PODFILE_DIR_PATH}/Podfile.lock\" \"${PODS_ROOT}/Manifest.lock\" > /dev/null\nif [ $? != 0 ] ; then\n    # print error to STDERR\n    echo \"error: The sandbox is not in sync with the Podfile.lock. Run 'pod install' or update your CocoaPods installation.\" >&2\n    exit 1\nfi\n# This output is used by Xcode 'outputs' to avoid re-running this script phase.\necho \"SUCCESS\" > \"${SCRIPT_OUTPUT_FILE_0}\"\n";
			showEnvVarsInLog = 0;
		};
		CB4775FE16FBD1385888DC42 /* [CP] Embed Pods Frameworks */ = {
			isa = PBXShellScriptBuildPhase;
			buildActionMask = 2147483647;
			files = (
			);
			inputFileListPaths = (
				"${PODS_ROOT}/Target Support Files/Pods-Flix/Pods-Flix-frameworks-${CONFIGURATION}-input-files.xcfilelist",
			);
			name = "[CP] Embed Pods Frameworks";
			outputFileListPaths = (
				"${PODS_ROOT}/Target Support Files/Pods-Flix/Pods-Flix-frameworks-${CONFIGURATION}-output-files.xcfilelist",
			);
			runOnlyForDeploymentPostprocessing = 0;
			shellPath = /bin/sh;
			shellScript = "\"${PODS_ROOT}/Target Support Files/Pods-Flix/Pods-Flix-frameworks.sh\"\n";
			showEnvVarsInLog = 0;
		};
/* End PBXShellScriptBuildPhase section */

/* Begin PBXSourcesBuildPhase section */
		7AFF999C2522AC1200461E4B /* Sources */ = {
			isa = PBXSourcesBuildPhase;
			buildActionMask = 2147483647;
			files = (
				7AFF99A82522AC1300461E4B /* ViewController.swift in Sources */,
				7AFF99A42522AC1300461E4B /* AppDelegate.swift in Sources */,
				7A3CDC702522CC40001128BE /* MovieCell.swift in Sources */,
				7AFF99A62522AC1300461E4B /* SceneDelegate.swift in Sources */,
			);
			runOnlyForDeploymentPostprocessing = 0;
		};
		7AFF99B22522AC1400461E4B /* Sources */ = {
			isa = PBXSourcesBuildPhase;
			buildActionMask = 2147483647;
			files = (
				7AFF99BB2522AC1400461E4B /* FlixTests.swift in Sources */,
			);
			runOnlyForDeploymentPostprocessing = 0;
		};
		7AFF99BD2522AC1400461E4B /* Sources */ = {
			isa = PBXSourcesBuildPhase;
			buildActionMask = 2147483647;
			files = (
				7AFF99C62522AC1400461E4B /* FlixUITests.swift in Sources */,
			);
			runOnlyForDeploymentPostprocessing = 0;
		};
/* End PBXSourcesBuildPhase section */

/* Begin PBXTargetDependency section */
		7AFF99B82522AC1400461E4B /* PBXTargetDependency */ = {
			isa = PBXTargetDependency;
			target = 7AFF999F2522AC1200461E4B /* Flix */;
			targetProxy = 7AFF99B72522AC1400461E4B /* PBXContainerItemProxy */;
		};
		7AFF99C32522AC1400461E4B /* PBXTargetDependency */ = {
			isa = PBXTargetDependency;
			target = 7AFF999F2522AC1200461E4B /* Flix */;
			targetProxy = 7AFF99C22522AC1400461E4B /* PBXContainerItemProxy */;
		};
/* End PBXTargetDependency section */

/* Begin PBXVariantGroup section */
		7AFF99A92522AC1300461E4B /* Main.storyboard */ = {
			isa = PBXVariantGroup;
			children = (
				7AFF99AA2522AC1300461E4B /* Base */,
			);
			name = Main.storyboard;
			sourceTree = "<group>";
		};
		7AFF99AE2522AC1400461E4B /* LaunchScreen.storyboard */ = {
			isa = PBXVariantGroup;
			children = (
				7AFF99AF2522AC1400461E4B /* Base */,
			);
			name = LaunchScreen.storyboard;
			sourceTree = "<group>";
		};
/* End PBXVariantGroup section */

/* Begin XCBuildConfiguration section */
		7AFF99C82522AC1400461E4B /* Debug */ = {
			isa = XCBuildConfiguration;
			buildSettings = {
				ALWAYS_SEARCH_USER_PATHS = NO;
				CLANG_ANALYZER_NONNULL = YES;
				CLANG_ANALYZER_NUMBER_OBJECT_CONVERSION = YES_AGGRESSIVE;
				CLANG_CXX_LANGUAGE_STANDARD = "gnu++14";
				CLANG_CXX_LIBRARY = "libc++";
				CLANG_ENABLE_MODULES = YES;
				CLANG_ENABLE_OBJC_ARC = YES;
				CLANG_ENABLE_OBJC_WEAK = YES;
				CLANG_WARN_BLOCK_CAPTURE_AUTORELEASING = YES;
				CLANG_WARN_BOOL_CONVERSION = YES;
				CLANG_WARN_COMMA = YES;
				CLANG_WARN_CONSTANT_CONVERSION = YES;
				CLANG_WARN_DEPRECATED_OBJC_IMPLEMENTATIONS = YES;
				CLANG_WARN_DIRECT_OBJC_ISA_USAGE = YES_ERROR;
				CLANG_WARN_DOCUMENTATION_COMMENTS = YES;
				CLANG_WARN_EMPTY_BODY = YES;
				CLANG_WARN_ENUM_CONVERSION = YES;
				CLANG_WARN_INFINITE_RECURSION = YES;
				CLANG_WARN_INT_CONVERSION = YES;
				CLANG_WARN_NON_LITERAL_NULL_CONVERSION = YES;
				CLANG_WARN_OBJC_IMPLICIT_RETAIN_SELF = YES;
				CLANG_WARN_OBJC_LITERAL_CONVERSION = YES;
				CLANG_WARN_OBJC_ROOT_CLASS = YES_ERROR;
				CLANG_WARN_QUOTED_INCLUDE_IN_FRAMEWORK_HEADER = YES;
				CLANG_WARN_RANGE_LOOP_ANALYSIS = YES;
				CLANG_WARN_STRICT_PROTOTYPES = YES;
				CLANG_WARN_SUSPICIOUS_MOVE = YES;
				CLANG_WARN_UNGUARDED_AVAILABILITY = YES_AGGRESSIVE;
				CLANG_WARN_UNREACHABLE_CODE = YES;
				CLANG_WARN__DUPLICATE_METHOD_MATCH = YES;
				COPY_PHASE_STRIP = NO;
				DEBUG_INFORMATION_FORMAT = dwarf;
				ENABLE_STRICT_OBJC_MSGSEND = YES;
				ENABLE_TESTABILITY = YES;
				GCC_C_LANGUAGE_STANDARD = gnu11;
				GCC_DYNAMIC_NO_PIC = NO;
				GCC_NO_COMMON_BLOCKS = YES;
				GCC_OPTIMIZATION_LEVEL = 0;
				GCC_PREPROCESSOR_DEFINITIONS = (
					"DEBUG=1",
					"$(inherited)",
				);
				GCC_WARN_64_TO_32_BIT_CONVERSION = YES;
				GCC_WARN_ABOUT_RETURN_TYPE = YES_ERROR;
				GCC_WARN_UNDECLARED_SELECTOR = YES;
				GCC_WARN_UNINITIALIZED_AUTOS = YES_AGGRESSIVE;
				GCC_WARN_UNUSED_FUNCTION = YES;
				GCC_WARN_UNUSED_VARIABLE = YES;
				IPHONEOS_DEPLOYMENT_TARGET = 14.0;
				MTL_ENABLE_DEBUG_INFO = INCLUDE_SOURCE;
				MTL_FAST_MATH = YES;
				ONLY_ACTIVE_ARCH = YES;
				SDKROOT = iphoneos;
				SWIFT_ACTIVE_COMPILATION_CONDITIONS = DEBUG;
				SWIFT_OPTIMIZATION_LEVEL = "-Onone";
			};
			name = Debug;
		};
		7AFF99C92522AC1400461E4B /* Release */ = {
			isa = XCBuildConfiguration;
			buildSettings = {
				ALWAYS_SEARCH_USER_PATHS = NO;
				CLANG_ANALYZER_NONNULL = YES;
				CLANG_ANALYZER_NUMBER_OBJECT_CONVERSION = YES_AGGRESSIVE;
				CLANG_CXX_LANGUAGE_STANDARD = "gnu++14";
				CLANG_CXX_LIBRARY = "libc++";
				CLANG_ENABLE_MODULES = YES;
				CLANG_ENABLE_OBJC_ARC = YES;
				CLANG_ENABLE_OBJC_WEAK = YES;
				CLANG_WARN_BLOCK_CAPTURE_AUTORELEASING = YES;
				CLANG_WARN_BOOL_CONVERSION = YES;
				CLANG_WARN_COMMA = YES;
				CLANG_WARN_CONSTANT_CONVERSION = YES;
				CLANG_WARN_DEPRECATED_OBJC_IMPLEMENTATIONS = YES;
				CLANG_WARN_DIRECT_OBJC_ISA_USAGE = YES_ERROR;
				CLANG_WARN_DOCUMENTATION_COMMENTS = YES;
				CLANG_WARN_EMPTY_BODY = YES;
				CLANG_WARN_ENUM_CONVERSION = YES;
				CLANG_WARN_INFINITE_RECURSION = YES;
				CLANG_WARN_INT_CONVERSION = YES;
				CLANG_WARN_NON_LITERAL_NULL_CONVERSION = YES;
				CLANG_WARN_OBJC_IMPLICIT_RETAIN_SELF = YES;
				CLANG_WARN_OBJC_LITERAL_CONVERSION = YES;
				CLANG_WARN_OBJC_ROOT_CLASS = YES_ERROR;
				CLANG_WARN_QUOTED_INCLUDE_IN_FRAMEWORK_HEADER = YES;
				CLANG_WARN_RANGE_LOOP_ANALYSIS = YES;
				CLANG_WARN_STRICT_PROTOTYPES = YES;
				CLANG_WARN_SUSPICIOUS_MOVE = YES;
				CLANG_WARN_UNGUARDED_AVAILABILITY = YES_AGGRESSIVE;
				CLANG_WARN_UNREACHABLE_CODE = YES;
				CLANG_WARN__DUPLICATE_METHOD_MATCH = YES;
				COPY_PHASE_STRIP = NO;
				DEBUG_INFORMATION_FORMAT = "dwarf-with-dsym";
				ENABLE_NS_ASSERTIONS = NO;
				ENABLE_STRICT_OBJC_MSGSEND = YES;
				GCC_C_LANGUAGE_STANDARD = gnu11;
				GCC_NO_COMMON_BLOCKS = YES;
				GCC_WARN_64_TO_32_BIT_CONVERSION = YES;
				GCC_WARN_ABOUT_RETURN_TYPE = YES_ERROR;
				GCC_WARN_UNDECLARED_SELECTOR = YES;
				GCC_WARN_UNINITIALIZED_AUTOS = YES_AGGRESSIVE;
				GCC_WARN_UNUSED_FUNCTION = YES;
				GCC_WARN_UNUSED_VARIABLE = YES;
				IPHONEOS_DEPLOYMENT_TARGET = 14.0;
				MTL_ENABLE_DEBUG_INFO = NO;
				MTL_FAST_MATH = YES;
				SDKROOT = iphoneos;
				SWIFT_COMPILATION_MODE = wholemodule;
				SWIFT_OPTIMIZATION_LEVEL = "-O";
				VALIDATE_PRODUCT = YES;
			};
			name = Release;
		};
		7AFF99CB2522AC1400461E4B /* Debug */ = {
			isa = XCBuildConfiguration;
			baseConfigurationReference = 285EE73AC4B5F6567EEC32E7 /* Pods-Flix.debug.xcconfig */;
			buildSettings = {
				ASSETCATALOG_COMPILER_APPICON_NAME = AppIcon;
				ASSETCATALOG_COMPILER_GLOBAL_ACCENT_COLOR_NAME = AccentColor;
				CODE_SIGN_STYLE = Automatic;
				INFOPLIST_FILE = Flix/Info.plist;
				LD_RUNPATH_SEARCH_PATHS = (
					"$(inherited)",
					"@executable_path/Frameworks",
				);
				PRODUCT_BUNDLE_IDENTIFIER = Sherb.Flix;
				PRODUCT_NAME = "$(TARGET_NAME)";
				SWIFT_VERSION = 5.0;
				TARGETED_DEVICE_FAMILY = "1,2";
			};
			name = Debug;
		};
		7AFF99CC2522AC1400461E4B /* Release */ = {
			isa = XCBuildConfiguration;
			baseConfigurationReference = F273D4BDC4957DA3504111AF /* Pods-Flix.release.xcconfig */;
			buildSettings = {
				ASSETCATALOG_COMPILER_APPICON_NAME = AppIcon;
				ASSETCATALOG_COMPILER_GLOBAL_ACCENT_COLOR_NAME = AccentColor;
				CODE_SIGN_STYLE = Automatic;
				INFOPLIST_FILE = Flix/Info.plist;
				LD_RUNPATH_SEARCH_PATHS = (
					"$(inherited)",
					"@executable_path/Frameworks",
				);
				PRODUCT_BUNDLE_IDENTIFIER = Sherb.Flix;
				PRODUCT_NAME = "$(TARGET_NAME)";
				SWIFT_VERSION = 5.0;
				TARGETED_DEVICE_FAMILY = "1,2";
			};
			name = Release;
		};
		7AFF99CE2522AC1400461E4B /* Debug */ = {
			isa = XCBuildConfiguration;
			baseConfigurationReference = D3055D12ACD5F631BFA10729 /* Pods-FlixTests.debug.xcconfig */;
			buildSettings = {
				ALWAYS_EMBED_SWIFT_STANDARD_LIBRARIES = YES;
				BUNDLE_LOADER = "$(TEST_HOST)";
				CODE_SIGN_STYLE = Automatic;
				INFOPLIST_FILE = FlixTests/Info.plist;
				IPHONEOS_DEPLOYMENT_TARGET = 14.0;
				LD_RUNPATH_SEARCH_PATHS = (
					"$(inherited)",
					"@executable_path/Frameworks",
					"@loader_path/Frameworks",
				);
				PRODUCT_BUNDLE_IDENTIFIER = Sherb.FlixTests;
				PRODUCT_NAME = "$(TARGET_NAME)";
				SWIFT_VERSION = 5.0;
				TARGETED_DEVICE_FAMILY = "1,2";
				TEST_HOST = "$(BUILT_PRODUCTS_DIR)/Flix.app/Flix";
			};
			name = Debug;
		};
		7AFF99CF2522AC1400461E4B /* Release */ = {
			isa = XCBuildConfiguration;
			baseConfigurationReference = 2174CF9522A51CF3922BA7F2 /* Pods-FlixTests.release.xcconfig */;
			buildSettings = {
				ALWAYS_EMBED_SWIFT_STANDARD_LIBRARIES = YES;
				BUNDLE_LOADER = "$(TEST_HOST)";
				CODE_SIGN_STYLE = Automatic;
				INFOPLIST_FILE = FlixTests/Info.plist;
				IPHONEOS_DEPLOYMENT_TARGET = 14.0;
				LD_RUNPATH_SEARCH_PATHS = (
					"$(inherited)",
					"@executable_path/Frameworks",
					"@loader_path/Frameworks",
				);
				PRODUCT_BUNDLE_IDENTIFIER = Sherb.FlixTests;
				PRODUCT_NAME = "$(TARGET_NAME)";
				SWIFT_VERSION = 5.0;
				TARGETED_DEVICE_FAMILY = "1,2";
				TEST_HOST = "$(BUILT_PRODUCTS_DIR)/Flix.app/Flix";
			};
			name = Release;
		};
		7AFF99D12522AC1400461E4B /* Debug */ = {
			isa = XCBuildConfiguration;
			baseConfigurationReference = DC050E5E21BDC8488782A08F /* Pods-Flix-FlixUITests.debug.xcconfig */;
			buildSettings = {
				ALWAYS_EMBED_SWIFT_STANDARD_LIBRARIES = YES;
				CODE_SIGN_STYLE = Automatic;
				INFOPLIST_FILE = FlixUITests/Info.plist;
				LD_RUNPATH_SEARCH_PATHS = (
					"$(inherited)",
					"@executable_path/Frameworks",
					"@loader_path/Frameworks",
				);
				PRODUCT_BUNDLE_IDENTIFIER = Sherb.FlixUITests;
				PRODUCT_NAME = "$(TARGET_NAME)";
				SWIFT_VERSION = 5.0;
				TARGETED_DEVICE_FAMILY = "1,2";
				TEST_TARGET_NAME = Flix;
			};
			name = Debug;
		};
		7AFF99D22522AC1400461E4B /* Release */ = {
			isa = XCBuildConfiguration;
			baseConfigurationReference = 91DB00C4B76E03BAC310E698 /* Pods-Flix-FlixUITests.release.xcconfig */;
			buildSettings = {
				ALWAYS_EMBED_SWIFT_STANDARD_LIBRARIES = YES;
				CODE_SIGN_STYLE = Automatic;
				INFOPLIST_FILE = FlixUITests/Info.plist;
				LD_RUNPATH_SEARCH_PATHS = (
					"$(inherited)",
					"@executable_path/Frameworks",
					"@loader_path/Frameworks",
				);
				PRODUCT_BUNDLE_IDENTIFIER = Sherb.FlixUITests;
				PRODUCT_NAME = "$(TARGET_NAME)";
				SWIFT_VERSION = 5.0;
				TARGETED_DEVICE_FAMILY = "1,2";
				TEST_TARGET_NAME = Flix;
			};
			name = Release;
		};
/* End XCBuildConfiguration section */

/* Begin XCConfigurationList section */
		7AFF999B2522AC1200461E4B /* Build configuration list for PBXProject "Flix" */ = {
			isa = XCConfigurationList;
			buildConfigurations = (
				7AFF99C82522AC1400461E4B /* Debug */,
				7AFF99C92522AC1400461E4B /* Release */,
			);
			defaultConfigurationIsVisible = 0;
			defaultConfigurationName = Release;
		};
		7AFF99CA2522AC1400461E4B /* Build configuration list for PBXNativeTarget "Flix" */ = {
			isa = XCConfigurationList;
			buildConfigurations = (
				7AFF99CB2522AC1400461E4B /* Debug */,
				7AFF99CC2522AC1400461E4B /* Release */,
			);
			defaultConfigurationIsVisible = 0;
			defaultConfigurationName = Release;
		};
		7AFF99CD2522AC1400461E4B /* Build configuration list for PBXNativeTarget "FlixTests" */ = {
			isa = XCConfigurationList;
			buildConfigurations = (
				7AFF99CE2522AC1400461E4B /* Debug */,
				7AFF99CF2522AC1400461E4B /* Release */,
			);
			defaultConfigurationIsVisible = 0;
			defaultConfigurationName = Release;
		};
		7AFF99D02522AC1400461E4B /* Build configuration list for PBXNativeTarget "FlixUITests" */ = {
			isa = XCConfigurationList;
			buildConfigurations = (
				7AFF99D12522AC1400461E4B /* Debug */,
				7AFF99D22522AC1400461E4B /* Release */,
			);
			defaultConfigurationIsVisible = 0;
			defaultConfigurationName = Release;
		};
/* End XCConfigurationList section */
	};
	rootObject = 7AFF99982522AC1200461E4B /* Project object */;
}
